
Microsoft Visual Studio Solution File, Format Version 12.00
# Visual Studio Version 17
VisualStudioVersion = 17.14.36908.2 d17.14
MinimumVisualStudioVersion = 10.0.40219.1
Project("{FAE04EC0-301F-11D3-BF4B-00C04F79EFBC}") = "CollegeManagementSystem", "CollegeManagementSystem.csproj", "{967AB43D-909E-437F-9D36-FAF2CE2F79FB}"
EndProject
Global
	GlobalSection(SolutionConfigurationPlatforms) = preSolution
		Debug|Any CPU = Debug|Any CPU
		Release|Any CPU = Release|Any CPU
	EndGlobalSection
	GlobalSection(ProjectConfigurationPlatforms) = postSolution
		{967AB43D-909E-437F-9D36-FAF2CE2F79FB}.Debug|Any CPU.ActiveCfg = Debug|Any CPU
		{967AB43D-909E-437F-9D36-FAF2CE2F79FB}.Debug|Any CPU.Build.0 = Debug|Any CPU
		{967AB43D-909E-437F-9D36-FAF2CE2F79FB}.Release|Any CPU.ActiveCfg = Release|Any CPU
		{967AB43D-909E-437F-9D36-FAF2CE2F79FB}.Release|Any CPU.Build.0 = Release|Any CPU
	EndGlobalSection
	GlobalSection(SolutionProperties) = preSolution
		HideSolutionNode = FALSE
	EndGlobalSection
	GlobalSection(ExtensibilityGlobals) = postSolution
		SolutionGuid = {D6A8814D-EC0E-459D-A7EC-F568103911D3}
	EndGlobalSection
EndGlobal
